
Microsoft Visual Studio Solution File, Format Version 12.00
# Visual Studio Version 17
VisualStudioVersion = 17.13.35806.99
MinimumVisualStudioVersion = 10.0.40219.1
Project("{FAE04EC0-301F-11D3-BF4B-00C04F79EFBC}") = "N5TeachLeadPermissions", "N5TeachLead\N5TeachLeadPermissions.csproj", "{2320947E-7B28-4A93-80E1-EB2453346524}"
EndProject
Project("{2150E333-8FDC-42A3-9474-1A3956D46DE8}") = "Apps", "Apps", "{02EA681E-C7D8-13C7-8484-4AC65E1B71E8}"
EndProject
Project("{2150E333-8FDC-42A3-9474-1A3956D46DE8}") = "Infraestructure", "Infraestructure", "{65FB4B2B-D2A5-4DE5-AABE-D13D2A70756E}"
EndProject
Project("{FAE04EC0-301F-11D3-BF4B-00C04F79EFBC}") = "Infraestructure", "Services\Infraestructure.csproj", "{08467B04-2A77-441A-B775-C81EBC33996E}"
EndProject
Project("{FAE04EC0-301F-11D3-BF4B-00C04F79EFBC}") = "Persistance", "Persistance\Persistance.csproj", "{32381C8B-3B66-44BE-B8E3-5C16ECA10162}"
EndProject
Project("{2150E333-8FDC-42A3-9474-1A3956D46DE8}") = "Core", "Core", "{AA2A54F0-55A7-4C8F-80D1-DF40C1AE10CA}"
EndProject
Project("{FAE04EC0-301F-11D3-BF4B-00C04F79EFBC}") = "AppServices", "AppServices\AppServices.csproj", "{6870972D-AD24-4590-A68A-0192E4221558}"
EndProject
Project("{FAE04EC0-301F-11D3-BF4B-00C04F79EFBC}") = "Domain", "Domain\Domain.csproj", "{DDC5344D-835D-4656-BC35-F21AE517BB7A}"
EndProject
Project("{FAE04EC0-301F-11D3-BF4B-00C04F79EFBC}") = "Repository", "Repository\Repository.csproj", "{89299EED-E6F8-47E6-A8B1-20A97AAE5BD1}"
EndProject
Project("{FAE04EC0-301F-11D3-BF4B-00C04F79EFBC}") = "N5PermissionConsumer", "N5PermissionConsumer\N5PermissionConsumer.csproj", "{B57EE194-171F-4A87-92F5-79E17BED00B9}"
EndProject
Project("{FAE04EC0-301F-11D3-BF4B-00C04F79EFBC}") = "DbMigrations", "DbMigrations\DbMigrations.csproj", "{5F50A7DC-6436-F612-4B41-D3B6F5C1A8FC}"
EndProject
Project("{FAE04EC0-301F-11D3-BF4B-00C04F79EFBC}") = "N5_PermissionManagement.TestDoubles", "N5_PermissionManagement.TestDoubles\N5_PermissionManagement.TestDoubles.csproj", "{DE67FB00-9619-45AA-885E-4EAEA98D2F15}"
EndProject
Project("{FAE04EC0-301F-11D3-BF4B-00C04F79EFBC}") = "Infraestructure.Tests", "Infraestructure.Tests\Infraestructure.Tests.csproj", "{E85F8ECB-74C9-4719-90AF-9061299C736C}"
EndProject
Project("{FAE04EC0-301F-11D3-BF4B-00C04F79EFBC}") = "Repository.Tests", "Repository.Tests\Repository.Tests.csproj", "{57DD98B1-6D5F-4CD3-B9B5-E51293873CCC}"
EndProject
Project("{FAE04EC0-301F-11D3-BF4B-00C04F79EFBC}") = "AppServices.Tests", "AppServices.Tests\AppServices.Tests.csproj", "{0058843E-92A5-4CBA-9C62-86B6A333721C}"
EndProject
Global
	GlobalSection(SolutionConfigurationPlatforms) = preSolution
		Debug|Any CPU = Debug|Any CPU
		Release|Any CPU = Release|Any CPU
	EndGlobalSection
	GlobalSection(ProjectConfigurationPlatforms) = postSolution
		{2320947E-7B28-4A93-80E1-EB2453346524}.Debug|Any CPU.ActiveCfg = Debug|Any CPU
		{2320947E-7B28-4A93-80E1-EB2453346524}.Debug|Any CPU.Build.0 = Debug|Any CPU
		{2320947E-7B28-4A93-80E1-EB2453346524}.Release|Any CPU.ActiveCfg = Release|Any CPU
		{2320947E-7B28-4A93-80E1-EB2453346524}.Release|Any CPU.Build.0 = Release|Any CPU
		{08467B04-2A77-441A-B775-C81EBC33996E}.Debug|Any CPU.ActiveCfg = Debug|Any CPU
		{08467B04-2A77-441A-B775-C81EBC33996E}.Debug|Any CPU.Build.0 = Debug|Any CPU
		{08467B04-2A77-441A-B775-C81EBC33996E}.Release|Any CPU.ActiveCfg = Release|Any CPU
		{08467B04-2A77-441A-B775-C81EBC33996E}.Release|Any CPU.Build.0 = Release|Any CPU
		{32381C8B-3B66-44BE-B8E3-5C16ECA10162}.Debug|Any CPU.ActiveCfg = Debug|Any CPU
		{32381C8B-3B66-44BE-B8E3-5C16ECA10162}.Debug|Any CPU.Build.0 = Debug|Any CPU
		{32381C8B-3B66-44BE-B8E3-5C16ECA10162}.Release|Any CPU.ActiveCfg = Release|Any CPU
		{32381C8B-3B66-44BE-B8E3-5C16ECA10162}.Release|Any CPU.Build.0 = Release|Any CPU
		{6870972D-AD24-4590-A68A-0192E4221558}.Debug|Any CPU.ActiveCfg = Debug|Any CPU
		{6870972D-AD24-4590-A68A-0192E4221558}.Debug|Any CPU.Build.0 = Debug|Any CPU
		{6870972D-AD24-4590-A68A-0192E4221558}.Release|Any CPU.ActiveCfg = Release|Any CPU
		{6870972D-AD24-4590-A68A-0192E4221558}.Release|Any CPU.Build.0 = Release|Any CPU
		{DDC5344D-835D-4656-BC35-F21AE517BB7A}.Debug|Any CPU.ActiveCfg = Debug|Any CPU
		{DDC5344D-835D-4656-BC35-F21AE517BB7A}.Debug|Any CPU.Build.0 = Debug|Any CPU
		{DDC5344D-835D-4656-BC35-F21AE517BB7A}.Release|Any CPU.ActiveCfg = Release|Any CPU
		{DDC5344D-835D-4656-BC35-F21AE517BB7A}.Release|Any CPU.Build.0 = Release|Any CPU
		{89299EED-E6F8-47E6-A8B1-20A97AAE5BD1}.Debug|Any CPU.ActiveCfg = Debug|Any CPU
		{89299EED-E6F8-47E6-A8B1-20A97AAE5BD1}.Debug|Any CPU.Build.0 = Debug|Any CPU
		{89299EED-E6F8-47E6-A8B1-20A97AAE5BD1}.Release|Any CPU.ActiveCfg = Release|Any CPU
		{89299EED-E6F8-47E6-A8B1-20A97AAE5BD1}.Release|Any CPU.Build.0 = Release|Any CPU
		{B57EE194-171F-4A87-92F5-79E17BED00B9}.Debug|Any CPU.ActiveCfg = Debug|Any CPU
		{B57EE194-171F-4A87-92F5-79E17BED00B9}.Debug|Any CPU.Build.0 = Debug|Any CPU
		{B57EE194-171F-4A87-92F5-79E17BED00B9}.Release|Any CPU.ActiveCfg = Release|Any CPU
		{B57EE194-171F-4A87-92F5-79E17BED00B9}.Release|Any CPU.Build.0 = Release|Any CPU
		{5F50A7DC-6436-F612-4B41-D3B6F5C1A8FC}.Debug|Any CPU.ActiveCfg = Debug|Any CPU
		{5F50A7DC-6436-F612-4B41-D3B6F5C1A8FC}.Debug|Any CPU.Build.0 = Debug|Any CPU
		{5F50A7DC-6436-F612-4B41-D3B6F5C1A8FC}.Release|Any CPU.ActiveCfg = Release|Any CPU
		{5F50A7DC-6436-F612-4B41-D3B6F5C1A8FC}.Release|Any CPU.Build.0 = Release|Any CPU
		{DE67FB00-9619-45AA-885E-4EAEA98D2F15}.Debug|Any CPU.ActiveCfg = Debug|Any CPU
		{DE67FB00-9619-45AA-885E-4EAEA98D2F15}.Debug|Any CPU.Build.0 = Debug|Any CPU
		{DE67FB00-9619-45AA-885E-4EAEA98D2F15}.Release|Any CPU.ActiveCfg = Release|Any CPU
		{DE67FB00-9619-45AA-885E-4EAEA98D2F15}.Release|Any CPU.Build.0 = Release|Any CPU
		{E85F8ECB-74C9-4719-90AF-9061299C736C}.Debug|Any CPU.ActiveCfg = Debug|Any CPU
		{E85F8ECB-74C9-4719-90AF-9061299C736C}.Debug|Any CPU.Build.0 = Debug|Any CPU
		{E85F8ECB-74C9-4719-90AF-9061299C736C}.Release|Any CPU.ActiveCfg = Release|Any CPU
		{E85F8ECB-74C9-4719-90AF-9061299C736C}.Release|Any CPU.Build.0 = Release|Any CPU
		{57DD98B1-6D5F-4CD3-B9B5-E51293873CCC}.Debug|Any CPU.ActiveCfg = Debug|Any CPU
		{57DD98B1-6D5F-4CD3-B9B5-E51293873CCC}.Debug|Any CPU.Build.0 = Debug|Any CPU
		{57DD98B1-6D5F-4CD3-B9B5-E51293873CCC}.Release|Any CPU.ActiveCfg = Release|Any CPU
		{57DD98B1-6D5F-4CD3-B9B5-E51293873CCC}.Release|Any CPU.Build.0 = Release|Any CPU
		{0058843E-92A5-4CBA-9C62-86B6A333721C}.Debug|Any CPU.ActiveCfg = Debug|Any CPU
		{0058843E-92A5-4CBA-9C62-86B6A333721C}.Debug|Any CPU.Build.0 = Debug|Any CPU
		{0058843E-92A5-4CBA-9C62-86B6A333721C}.Release|Any CPU.ActiveCfg = Release|Any CPU
		{0058843E-92A5-4CBA-9C62-86B6A333721C}.Release|Any CPU.Build.0 = Release|Any CPU
	EndGlobalSection
	GlobalSection(SolutionProperties) = preSolution
		HideSolutionNode = FALSE
	EndGlobalSection
	GlobalSection(NestedProjects) = preSolution
		{2320947E-7B28-4A93-80E1-EB2453346524} = {02EA681E-C7D8-13C7-8484-4AC65E1B71E8}
		{08467B04-2A77-441A-B775-C81EBC33996E} = {65FB4B2B-D2A5-4DE5-AABE-D13D2A70756E}
		{32381C8B-3B66-44BE-B8E3-5C16ECA10162} = {65FB4B2B-D2A5-4DE5-AABE-D13D2A70756E}
		{6870972D-AD24-4590-A68A-0192E4221558} = {AA2A54F0-55A7-4C8F-80D1-DF40C1AE10CA}
		{DDC5344D-835D-4656-BC35-F21AE517BB7A} = {AA2A54F0-55A7-4C8F-80D1-DF40C1AE10CA}
		{89299EED-E6F8-47E6-A8B1-20A97AAE5BD1} = {65FB4B2B-D2A5-4DE5-AABE-D13D2A70756E}
		{5F50A7DC-6436-F612-4B41-D3B6F5C1A8FC} = {65FB4B2B-D2A5-4DE5-AABE-D13D2A70756E}
		{E85F8ECB-74C9-4719-90AF-9061299C736C} = {65FB4B2B-D2A5-4DE5-AABE-D13D2A70756E}
		{57DD98B1-6D5F-4CD3-B9B5-E51293873CCC} = {65FB4B2B-D2A5-4DE5-AABE-D13D2A70756E}
		{0058843E-92A5-4CBA-9C62-86B6A333721C} = {AA2A54F0-55A7-4C8F-80D1-DF40C1AE10CA}
	EndGlobalSection
	GlobalSection(ExtensibilityGlobals) = postSolution
		SolutionGuid = {4D15FA86-08C5-4926-9A10-879F3FF49B3E}
	EndGlobalSection
EndGlobal
